// !$*UTF8*$!
{
	archiveVersion = 1;
	classes = {
	};
	objectVersion = 48;
	objects = {

/* Begin PBXBuildFile section */
		BF104A262083557E00D8850C /* AppDelegate.swift in Sources */ = {isa = PBXBuildFile; fileRef = BF104A252083557E00D8850C /* AppDelegate.swift */; };
		BF104A282083557E00D8850C /* ToDoListViewController.swift in Sources */ = {isa = PBXBuildFile; fileRef = BF104A272083557E00D8850C /* ToDoListViewController.swift */; };
		BF104A2B2083557E00D8850C /* Main.storyboard in Resources */ = {isa = PBXBuildFile; fileRef = BF104A292083557E00D8850C /* Main.storyboard */; };
		BF104A2D2083557E00D8850C /* Assets.xcassets in Resources */ = {isa = PBXBuildFile; fileRef = BF104A2C2083557E00D8850C /* Assets.xcassets */; };
		BF104A302083557E00D8850C /* LaunchScreen.storyboard in Resources */ = {isa = PBXBuildFile; fileRef = BF104A2E2083557E00D8850C /* LaunchScreen.storyboard */; };
		BFBC90CE2087CA11002C8A65 /* DataModel.xcdatamodeld in Sources */ = {isa = PBXBuildFile; fileRef = BFBC90CC2087CA11002C8A65 /* DataModel.xcdatamodeld */; };
		BFC57719208FC0AF00446DA9 /* CategoryViewController.swift in Sources */ = {isa = PBXBuildFile; fileRef = BFC57718208FC0AF00446DA9 /* CategoryViewController.swift */; };
/* End PBXBuildFile section */

/* Begin PBXFileReference section */
		BF104A222083557E00D8850C /* Todoey.app */ = {isa = PBXFileReference; explicitFileType = wrapper.application; includeInIndex = 0; path = Todoey.app; sourceTree = BUILT_PRODUCTS_DIR; };
		BF104A252083557E00D8850C /* AppDelegate.swift */ = {isa = PBXFileReference; lastKnownFileType = sourcecode.swift; path = AppDelegate.swift; sourceTree = "<group>"; };
		BF104A272083557E00D8850C /* ToDoListViewController.swift */ = {isa = PBXFileReference; lastKnownFileType = sourcecode.swift; path = ToDoListViewController.swift; sourceTree = "<group>"; };
		BF104A2A2083557E00D8850C /* Base */ = {isa = PBXFileReference; lastKnownFileType = file.storyboard; name = Base; path = Base.lproj/Main.storyboard; sourceTree = "<group>"; };
		BF104A2C2083557E00D8850C /* Assets.xcassets */ = {isa = PBXFileReference; lastKnownFileType = folder.assetcatalog; path = Assets.xcassets; sourceTree = "<group>"; };
		BF104A2F2083557E00D8850C /* Base */ = {isa = PBXFileReference; lastKnownFileType = file.storyboard; name = Base; path = Base.lproj/LaunchScreen.storyboard; sourceTree = "<group>"; };
		BF104A312083557E00D8850C /* Info.plist */ = {isa = PBXFileReference; lastKnownFileType = text.plist.xml; path = Info.plist; sourceTree = "<group>"; };
		BFBC90CD2087CA11002C8A65 /* DataModel.xcdatamodel */ = {isa = PBXFileReference; lastKnownFileType = wrapper.xcdatamodel; path = DataModel.xcdatamodel; sourceTree = "<group>"; };
		BFC57718208FC0AF00446DA9 /* CategoryViewController.swift */ = {isa = PBXFileReference; lastKnownFileType = sourcecode.swift; path = CategoryViewController.swift; sourceTree = "<group>"; };
/* End PBXFileReference section */

/* Begin PBXFrameworksBuildPhase section */
		BF104A1F2083557E00D8850C /* Frameworks */ = {
			isa = PBXFrameworksBuildPhase;
			buildActionMask = 2147483647;
			files = (
			);
			runOnlyForDeploymentPostprocessing = 0;
		};
/* End PBXFrameworksBuildPhase section */

/* Begin PBXGroup section */
		BF104A192083557E00D8850C = {
			isa = PBXGroup;
			children = (
				BF104A242083557E00D8850C /* Todoey */,
				BF104A232083557E00D8850C /* Products */,
			);
			sourceTree = "<group>";
		};
		BF104A232083557E00D8850C /* Products */ = {
			isa = PBXGroup;
			children = (
				BF104A222083557E00D8850C /* Todoey.app */,
			);
			name = Products;
			sourceTree = "<group>";
		};
		BF104A242083557E00D8850C /* Todoey */ = {
			isa = PBXGroup;
			children = (
				BF104A252083557E00D8850C /* AppDelegate.swift */,
				BF104A392085135200D8850C /* Data Model */,
				BF104A3A2085136000D8850C /* Controllers */,
				BF104A3B2085137100D8850C /* Views */,
				BF104A3C2085138700D8850C /* Supporting Files */,
				BF104A312083557E00D8850C /* Info.plist */,
			);
			path = Todoey;
			sourceTree = "<group>";
		};
		BF104A392085135200D8850C /* Data Model */ = {
			isa = PBXGroup;
			children = (
				BFBC90CC2087CA11002C8A65 /* DataModel.xcdatamodeld */,
			);
			path = "Data Model";
			sourceTree = "<group>";
		};
		BF104A3A2085136000D8850C /* Controllers */ = {
			isa = PBXGroup;
			children = (
				BFC57718208FC0AF00446DA9 /* CategoryViewController.swift */,
				BF104A272083557E00D8850C /* ToDoListViewController.swift */,
			);
			path = Controllers;
			sourceTree = "<group>";
		};
		BF104A3B2085137100D8850C /* Views */ = {
			isa = PBXGroup;
			children = (
				BF104A292083557E00D8850C /* Main.storyboard */,
			);
			path = Views;
			sourceTree = "<group>";
		};
		BF104A3C2085138700D8850C /* Supporting Files */ = {
			isa = PBXGroup;
			children = (
				BF104A2C2083557E00D8850C /* Assets.xcassets */,
				BF104A2E2083557E00D8850C /* LaunchScreen.storyboard */,
			);
			path = "Supporting Files";
			sourceTree = "<group>";
		};
/* End PBXGroup section */

/* Begin PBXNativeTarget section */
		BF104A212083557E00D8850C /* Todoey */ = {
			isa = PBXNativeTarget;
			buildConfigurationList = BF104A342083557E00D8850C /* Build configuration list for PBXNativeTarget "Todoey" */;
			buildPhases = (
				BF104A1E2083557E00D8850C /* Sources */,
				BF104A1F2083557E00D8850C /* Frameworks */,
				BF104A202083557E00D8850C /* Resources */,
			);
			buildRules = (
			);
			dependencies = (
			);
			name = Todoey;
			productName = Todoey;
			productReference = BF104A222083557E00D8850C /* Todoey.app */;
			productType = "com.apple.product-type.application";
		};
/* End PBXNativeTarget section */

/* Begin PBXProject section */
		BF104A1A2083557E00D8850C /* Project object */ = {
			isa = PBXProject;
			attributes = {
				LastSwiftUpdateCheck = 0920;
				LastUpgradeCheck = 0920;
				ORGANIZATIONNAME = "Louis Riedel";
				TargetAttributes = {
					BF104A212083557E00D8850C = {
						CreatedOnToolsVersion = 9.2;
						ProvisioningStyle = Automatic;
					};
				};
			};
			buildConfigurationList = BF104A1D2083557E00D8850C /* Build configuration list for PBXProject "Todoey" */;
			compatibilityVersion = "Xcode 8.0";
			developmentRegion = en;
			hasScannedForEncodings = 0;
			knownRegions = (
				en,
				Base,
			);
			mainGroup = BF104A192083557E00D8850C;
			productRefGroup = BF104A232083557E00D8850C /* Products */;
			projectDirPath = "";
			projectRoot = "";
			targets = (
				BF104A212083557E00D8850C /* Todoey */,
			);
		};
/* End PBXProject section */

/* Begin PBXResourcesBuildPhase section */
		BF104A202083557E00D8850C /* Resources */ = {
			isa = PBXResourcesBuildPhase;
			buildActionMask = 2147483647;
			files = (
				BF104A302083557E00D8850C /* LaunchScreen.storyboard in Resources */,
				BF104A2D2083557E00D8850C /* Assets.xcassets in Resources */,
				BF104A2B2083557E00D8850C /* Main.storyboard in Resources */,
			);
			runOnlyForDeploymentPostprocessing = 0;
		};
/* End PBXResourcesBuildPhase section */

/* Begin PBXSourcesBuildPhase section */
		BF104A1E2083557E00D8850C /* Sources */ = {
			isa = PBXSourcesBuildPhase;
			buildActionMask = 2147483647;
			files = (
				BFC57719208FC0AF00446DA9 /* CategoryViewController.swift in Sources */,
				BF104A282083557E00D8850C /* ToDoListViewController.swift in Sources */,
				BFBC90CE2087CA11002C8A65 /* DataModel.xcdatamodeld in Sources */,
				BF104A262083557E00D8850C /* AppDelegate.swift in Sources */,
			);
			runOnlyForDeploymentPostprocessing = 0;
		};
/* End PBXSourcesBuildPhase section */

/* Begin PBXVariantGroup section */
		BF104A292083557E00D8850C /* Main.storyboard */ = {
			isa = PBXVariantGroup;
			children = (
				BF104A2A2083557E00D8850C /* Base */,
			);
			name = Main.storyboard;
			sourceTree = "<group>";
		};
		BF104A2E2083557E00D8850C /* LaunchScreen.storyboard */ = {
			isa = PBXVariantGroup;
			children = (
				BF104A2F2083557E00D8850C /* Base */,
			);
			name = LaunchScreen.storyboard;
			sourceTree = "<group>";
		};
/* End PBXVariantGroup section */

/* Begin XCBuildConfiguration section */
		BF104A322083557E00D8850C /* Debug */ = {
			isa = XCBuildConfiguration;
			buildSettings = {
				ALWAYS_SEARCH_USER_PATHS = NO;
				CLANG_ANALYZER_NONNULL = YES;
				CLANG_ANALYZER_NUMBER_OBJECT_CONVERSION = YES_AGGRESSIVE;
				CLANG_CXX_LANGUAGE_STANDARD = "gnu++14";
				CLANG_CXX_LIBRARY = "libc++";
				CLANG_ENABLE_MODULES = YES;
				CLANG_ENABLE_OBJC_ARC = YES;
				CLANG_WARN_BLOCK_CAPTURE_AUTORELEASING = YES;
				CLANG_WARN_BOOL_CONVERSION = YES;
				CLANG_WARN_COMMA = YES;
				CLANG_WARN_CONSTANT_CONVERSION = YES;
				CLANG_WARN_DIRECT_OBJC_ISA_USAGE = YES_ERROR;
				CLANG_WARN_DOCUMENTATION_COMMENTS = YES;
				CLANG_WARN_EMPTY_BODY = YES;
				CLANG_WARN_ENUM_CONVERSION = YES;
				CLANG_WARN_INFINITE_RECURSION = YES;
				CLANG_WARN_INT_CONVERSION = YES;
				CLANG_WARN_NON_LITERAL_NULL_CONVERSION = YES;
				CLANG_WARN_OBJC_LITERAL_CONVERSION = YES;
				CLANG_WARN_OBJC_ROOT_CLASS = YES_ERROR;
				CLANG_WARN_RANGE_LOOP_ANALYSIS = YES;
				CLANG_WARN_STRICT_PROTOTYPES = YES;
				CLANG_WARN_SUSPICIOUS_MOVE = YES;
				CLANG_WARN_UNGUARDED_AVAILABILITY = YES_AGGRESSIVE;
				CLANG_WARN_UNREACHABLE_CODE = YES;
				CLANG_WARN__DUPLICATE_METHOD_MATCH = YES;
				CODE_SIGN_IDENTITY = "iPhone Developer";
				COPY_PHASE_STRIP = NO;
				DEBUG_INFORMATION_FORMAT = dwarf;
				ENABLE_STRICT_OBJC_MSGSEND = YES;
				ENABLE_TESTABILITY = YES;
				GCC_C_LANGUAGE_STANDARD = gnu11;
				GCC_DYNAMIC_NO_PIC = NO;
				GCC_NO_COMMON_BLOCKS = YES;
				GCC_OPTIMIZATION_LEVEL = 0;
				GCC_PREPROCESSOR_DEFINITIONS = (
					"DEBUG=1",
					"$(inherited)",
				);
				GCC_WARN_64_TO_32_BIT_CONVERSION = YES;
				GCC_WARN_ABOUT_RETURN_TYPE = YES_ERROR;
				GCC_WARN_UNDECLARED_SELECTOR = YES;
				GCC_WARN_UNINITIALIZED_AUTOS = YES_AGGRESSIVE;
				GCC_WARN_UNUSED_FUNCTION = YES;
				GCC_WARN_UNUSED_VARIABLE = YES;
				IPHONEOS_DEPLOYMENT_TARGET = 11.2;
				MTL_ENABLE_DEBUG_INFO = YES;
				ONLY_ACTIVE_ARCH = YES;
				SDKROOT = iphoneos;
				SWIFT_ACTIVE_COMPILATION_CONDITIONS = DEBUG;
				SWIFT_OPTIMIZATION_LEVEL = "-Onone";
			};
			name = Debug;
		};
		BF104A332083557E00D8850C /* Release */ = {
			isa = XCBuildConfiguration;
			buildSettings = {
				ALWAYS_SEARCH_USER_PATHS = NO;
				CLANG_ANALYZER_NONNULL = YES;
				CLANG_ANALYZER_NUMBER_OBJECT_CONVERSION = YES_AGGRESSIVE;
				CLANG_CXX_LANGUAGE_STANDARD = "gnu++14";
				CLANG_CXX_LIBRARY = "libc++";
				CLANG_ENABLE_MODULES = YES;
				CLANG_ENABLE_OBJC_ARC = YES;
				CLANG_WARN_BLOCK_CAPTURE_AUTORELEASING = YES;
				CLANG_WARN_BOOL_CONVERSION = YES;
				CLANG_WARN_COMMA = YES;
				CLANG_WARN_CONSTANT_CONVERSION = YES;
				CLANG_WARN_DIRECT_OBJC_ISA_USAGE = YES_ERROR;
				CLANG_WARN_DOCUMENTATION_COMMENTS = YES;
				CLANG_WARN_EMPTY_BODY = YES;
				CLANG_WARN_ENUM_CONVERSION = YES;
				CLANG_WARN_INFINITE_RECURSION = YES;
				CLANG_WARN_INT_CONVERSION = YES;
				CLANG_WARN_NON_LITERAL_NULL_CONVERSION = YES;
				CLANG_WARN_OBJC_LITERAL_CONVERSION = YES;
				CLANG_WARN_OBJC_ROOT_CLASS = YES_ERROR;
				CLANG_WARN_RANGE_LOOP_ANALYSIS = YES;
				CLANG_WARN_STRICT_PROTOTYPES = YES;
				CLANG_WARN_SUSPICIOUS_MOVE = YES;
				CLANG_WARN_UNGUARDED_AVAILABILITY = YES_AGGRESSIVE;
				CLANG_WARN_UNREACHABLE_CODE = YES;
				CLANG_WARN__DUPLICATE_METHOD_MATCH = YES;
				CODE_SIGN_IDENTITY = "iPhone Developer";
				COPY_PHASE_STRIP = NO;
				DEBUG_INFORMATION_FORMAT = "dwarf-with-dsym";
				ENABLE_NS_ASSERTIONS = NO;
				ENABLE_STRICT_OBJC_MSGSEND = YES;
				GCC_C_LANGUAGE_STANDARD = gnu11;
				GCC_NO_COMMON_BLOCKS = YES;
				GCC_WARN_64_TO_32_BIT_CONVERSION = YES;
				GCC_WARN_ABOUT_RETURN_TYPE = YES_ERROR;
				GCC_WARN_UNDECLARED_SELECTOR = YES;
				GCC_WARN_UNINITIALIZED_AUTOS = YES_AGGRESSIVE;
				GCC_WARN_UNUSED_FUNCTION = YES;
				GCC_WARN_UNUSED_VARIABLE = YES;
				IPHONEOS_DEPLOYMENT_TARGET = 11.2;
				MTL_ENABLE_DEBUG_INFO = NO;
				SDKROOT = iphoneos;
				SWIFT_OPTIMIZATION_LEVEL = "-Owholemodule";
				VALIDATE_PRODUCT = YES;
			};
			name = Release;
		};
		BF104A352083557E00D8850C /* Debug */ = {
			isa = XCBuildConfiguration;
			buildSettings = {
				ASSETCATALOG_COMPILER_APPICON_NAME = AppIcon;
				CODE_SIGN_STYLE = Automatic;
				DEVELOPMENT_TEAM = R6PGXJS74H;
				INFOPLIST_FILE = Todoey/Info.plist;
				LD_RUNPATH_SEARCH_PATHS = "$(inherited) @executable_path/Frameworks";
				PRODUCT_BUNDLE_IDENTIFIER = com.twoguyscompany.Todoey;
				PRODUCT_NAME = "$(TARGET_NAME)";
				SWIFT_VERSION = 4.0;
				TARGETED_DEVICE_FAMILY = "1,2";
			};
			name = Debug;
		};
		BF104A362083557E00D8850C /* Release */ = {
			isa = XCBuildConfiguration;
			buildSettings = {
				ASSETCATALOG_COMPILER_APPICON_NAME = AppIcon;
				CODE_SIGN_STYLE = Automatic;
				DEVELOPMENT_TEAM = R6PGXJS74H;
				INFOPLIST_FILE = Todoey/Info.plist;
				LD_RUNPATH_SEARCH_PATHS = "$(inherited) @executable_path/Frameworks";
				PRODUCT_BUNDLE_IDENTIFIER = com.twoguyscompany.Todoey;
				PRODUCT_NAME = "$(TARGET_NAME)";
				SWIFT_VERSION = 4.0;
				TARGETED_DEVICE_FAMILY = "1,2";
			};
			name = Release;
		};
/* End XCBuildConfiguration section */

/* Begin XCConfigurationList section */
		BF104A1D2083557E00D8850C /* Build configuration list for PBXProject "Todoey" */ = {
			isa = XCConfigurationList;
			buildConfigurations = (
				BF104A322083557E00D8850C /* Debug */,
				BF104A332083557E00D8850C /* Release */,
			);
			defaultConfigurationIsVisible = 0;
			defaultConfigurationName = Release;
		};
		BF104A342083557E00D8850C /* Build configuration list for PBXNativeTarget "Todoey" */ = {
			isa = XCConfigurationList;
			buildConfigurations = (
				BF104A352083557E00D8850C /* Debug */,
				BF104A362083557E00D8850C /* Release */,
			);
			defaultConfigurationIsVisible = 0;
			defaultConfigurationName = Release;
		};
/* End XCConfigurationList section */

/* Begin XCVersionGroup section */
		BFBC90CC2087CA11002C8A65 /* DataModel.xcdatamodeld */ = {
			isa = XCVersionGroup;
			children = (
				BFBC90CD2087CA11002C8A65 /* DataModel.xcdatamodel */,
			);
			currentVersion = BFBC90CD2087CA11002C8A65 /* DataModel.xcdatamodel */;
			path = DataModel.xcdatamodeld;
			sourceTree = "<group>";
			versionGroupType = wrapper.xcdatamodel;
		};
/* End XCVersionGroup section */
	};
	rootObject = BF104A1A2083557E00D8850C /* Project object */;
}
